{
  "name": "l",
  "version": "0.2.2",
  "lockfileVersion": 1,
  "requires": true,
  "dependencies": {
    "immutable": {
      "version": "3.8.2",
      "resolved": "https://registry.npmjs.org/immutable/-/immutable-3.8.2.tgz",
      "integrity": "sha1-wkOZUUVbs5kT2vKBN28VMOEErfM="
    },
    "log": {
      "version": "1.4.0",
      "resolved": "https://registry.npmjs.org/log/-/log-1.4.0.tgz",
      "integrity": "sha1-S6HYkP3iSbAx3KA7w36q8yVlbxw="
    },
    "mocha-testcheck": {
      "version": "0.1.2",
      "resolved": "https://registry.npmjs.org/mocha-testcheck/-/mocha-testcheck-0.1.2.tgz",
      "integrity": "sha1-Ko/2PJd5X/m2OvgXNK4I8UJePFI=",
      "dev": true,
      "requires": {
        "testcheck": "^0.1.0"
      }
    },
    "pegjs": {
      "version": "0.10.0",
      "resolved": "https://registry.npmjs.org/pegjs/-/pegjs-0.10.0.tgz",
      "integrity": "sha1-z4uvrm7d/0tafvsYUmnqr0YQ3b0=",
      "dev": true
    },
    "testcheck": {
      "version": "0.1.4",
      "resolved": "https://registry.npmjs.org/testcheck/-/testcheck-0.1.4.tgz",
      "integrity": "sha1-kAVu3UjRGZdwJhbOZxbxl9gZAWQ=",
      "dev": true
    }
  }
}
